
Microsoft Visual Studio Solution File, Format Version 12.00
# Visual Studio Version 16
VisualStudioVersion = 16.0.29306.81
MinimumVisualStudioVersion = 10.0.40219.1
Project("{FAE04EC0-301F-11D3-BF4B-00C04F79EFBC}") = "ConsoleApp3", "ConsoleApp3\ConsoleApp3.csproj", "{B467F9A5-C046-43FB-888F-D9D1D2C0034D}"
EndProject
Global
	GlobalSection(SolutionConfigurationPlatforms) = preSolution
		Debug|Any CPU = Debug|Any CPU
		Release|Any CPU = Release|Any CPU
	EndGlobalSection
	GlobalSection(ProjectConfigurationPlatforms) = postSolution
		{B467F9A5-C046-43FB-888F-D9D1D2C0034D}.Debug|Any CPU.ActiveCfg = Debug|Any CPU
		{B467F9A5-C046-43FB-888F-D9D1D2C0034D}.Debug|Any CPU.Build.0 = Debug|Any CPU
		{B467F9A5-C046-43FB-888F-D9D1D2C0034D}.Release|Any CPU.ActiveCfg = Release|Any CPU
		{B467F9A5-C046-43FB-888F-D9D1D2C0034D}.Release|Any CPU.Build.0 = Release|Any CPU
	EndGlobalSection
	GlobalSection(SolutionProperties) = preSolution
		HideSolutionNode = FALSE
	EndGlobalSection
	GlobalSection(ExtensibilityGlobals) = postSolution
		SolutionGuid = {E89AC3F1-7CD2-41DF-95FE-18869AD82A24}
	EndGlobalSection
EndGlobal
